
Microsoft Visual Studio Solution File, Format Version 12.00
Project("{FAE04EC0-301F-11D3-BF4B-00C04F79EFBC}") = "smart-study-app", "smart-study-app\smart-study-app.csproj", "{CE507B69-0889-42E6-8403-7E8FF1F28442}"
EndProject
Global
	GlobalSection(SolutionConfigurationPlatforms) = preSolution
		Debug|Any CPU = Debug|Any CPU
		Release|Any CPU = Release|Any CPU
	EndGlobalSection
	GlobalSection(ProjectConfigurationPlatforms) = postSolution
		{CE507B69-0889-42E6-8403-7E8FF1F28442}.Debug|Any CPU.ActiveCfg = Debug|Any CPU
		{CE507B69-0889-42E6-8403-7E8FF1F28442}.Debug|Any CPU.Build.0 = Debug|Any CPU
		{CE507B69-0889-42E6-8403-7E8FF1F28442}.Release|Any CPU.ActiveCfg = Release|Any CPU
		{CE507B69-0889-42E6-8403-7E8FF1F28442}.Release|Any CPU.Build.0 = Release|Any CPU
	EndGlobalSection
EndGlobal
